
Microsoft Visual Studio Solution File, Format Version 12.00
# Visual Studio Version 17
VisualStudioVersion = 17.13.35806.99
MinimumVisualStudioVersion = 10.0.40219.1
Project("{9A19103F-16F7-4668-BE54-9A1E7A4F7556}") = "Domain", "Domain\Domain.csproj", "{4D110DB5-C11F-4F8A-A4B7-3EEB0032F647}"
EndProject
Project("{9A19103F-16F7-4668-BE54-9A1E7A4F7556}") = "Infrastructure", "Infrastructure\Infrastructure.csproj", "{836B8D64-9A80-450B-8FDE-169A51FB7EFA}"
EndProject
Project("{9A19103F-16F7-4668-BE54-9A1E7A4F7556}") = "Application", "Application\Application.csproj", "{F655BD25-638C-4A14-86DF-F2EAA650C200}"
EndProject
Project("{FAE04EC0-301F-11D3-BF4B-00C04F79EFBC}") = "WebApplication2", "WebApplication2\WebApplication2.csproj", "{2ECFD3D8-6A4B-4DBE-9406-5C9E6A377FCC}"
	ProjectSection(ProjectDependencies) = postProject
		{836B8D64-9A80-450B-8FDE-169A51FB7EFA} = {836B8D64-9A80-450B-8FDE-169A51FB7EFA}
		{F655BD25-638C-4A14-86DF-F2EAA650C200} = {F655BD25-638C-4A14-86DF-F2EAA650C200}
	EndProjectSection
EndProject
Global
	GlobalSection(SolutionConfigurationPlatforms) = preSolution
		Debug|Any CPU = Debug|Any CPU
		Release|Any CPU = Release|Any CPU
	EndGlobalSection
	GlobalSection(ProjectConfigurationPlatforms) = postSolution
		{4D110DB5-C11F-4F8A-A4B7-3EEB0032F647}.Debug|Any CPU.ActiveCfg = Debug|Any CPU
		{4D110DB5-C11F-4F8A-A4B7-3EEB0032F647}.Debug|Any CPU.Build.0 = Debug|Any CPU
		{4D110DB5-C11F-4F8A-A4B7-3EEB0032F647}.Release|Any CPU.ActiveCfg = Release|Any CPU
		{4D110DB5-C11F-4F8A-A4B7-3EEB0032F647}.Release|Any CPU.Build.0 = Release|Any CPU
		{836B8D64-9A80-450B-8FDE-169A51FB7EFA}.Debug|Any CPU.ActiveCfg = Debug|Any CPU
		{836B8D64-9A80-450B-8FDE-169A51FB7EFA}.Debug|Any CPU.Build.0 = Debug|Any CPU
		{836B8D64-9A80-450B-8FDE-169A51FB7EFA}.Release|Any CPU.ActiveCfg = Release|Any CPU
		{836B8D64-9A80-450B-8FDE-169A51FB7EFA}.Release|Any CPU.Build.0 = Release|Any CPU
		{F655BD25-638C-4A14-86DF-F2EAA650C200}.Debug|Any CPU.ActiveCfg = Debug|Any CPU
		{F655BD25-638C-4A14-86DF-F2EAA650C200}.Debug|Any CPU.Build.0 = Debug|Any CPU
		{F655BD25-638C-4A14-86DF-F2EAA650C200}.Release|Any CPU.ActiveCfg = Release|Any CPU
		{F655BD25-638C-4A14-86DF-F2EAA650C200}.Release|Any CPU.Build.0 = Release|Any CPU
		{2ECFD3D8-6A4B-4DBE-9406-5C9E6A377FCC}.Debug|Any CPU.ActiveCfg = Debug|Any CPU
		{2ECFD3D8-6A4B-4DBE-9406-5C9E6A377FCC}.Debug|Any CPU.Build.0 = Debug|Any CPU
		{2ECFD3D8-6A4B-4DBE-9406-5C9E6A377FCC}.Release|Any CPU.ActiveCfg = Release|Any CPU
		{2ECFD3D8-6A4B-4DBE-9406-5C9E6A377FCC}.Release|Any CPU.Build.0 = Release|Any CPU
	EndGlobalSection
	GlobalSection(SolutionProperties) = preSolution
		HideSolutionNode = FALSE
	EndGlobalSection
	GlobalSection(ExtensibilityGlobals) = postSolution
		SolutionGuid = {46E4D0FD-F381-4338-AABE-F8A35595C4BA}
	EndGlobalSection
EndGlobal
